// !$*UTF8*$!
{
	archiveVersion = 1;
	classes = {
	};
	objectVersion = 56;
	objects = {

/* Begin PBXBuildFile section */
		C74EC28B2ABBB6570094ED1B /* AppDelegate.m in Sources */ = {isa = PBXBuildFile; fileRef = C74EC28A2ABBB6570094ED1B /* AppDelegate.m */; };
		C74EC28E2ABBB6570094ED1B /* Renderer.m in Sources */ = {isa = PBXBuildFile; fileRef = C74EC28D2ABBB6570094ED1B /* Renderer.m */; };
		C74EC2912ABBB6570094ED1B /* GameViewController.m in Sources */ = {isa = PBXBuildFile; fileRef = C74EC2902ABBB6570094ED1B /* GameViewController.m */; };
		C74EC2932ABBB6570094ED1B /* Shaders.metal in Sources */ = {isa = PBXBuildFile; fileRef = C74EC2922ABBB6570094ED1B /* Shaders.metal */; };
		C74EC2962ABBB6580094ED1B /* Assets.xcassets in Resources */ = {isa = PBXBuildFile; fileRef = C74EC2952ABBB6580094ED1B /* Assets.xcassets */; };
		C74EC2992ABBB6580094ED1B /* Main.storyboard in Resources */ = {isa = PBXBuildFile; fileRef = C74EC2972ABBB6580094ED1B /* Main.storyboard */; };
		C74EC29B2ABBB6580094ED1B /* main.m in Sources */ = {isa = PBXBuildFile; fileRef = C74EC29A2ABBB6580094ED1B /* main.m */; };
/* End PBXBuildFile section */

/* Begin PBXFileReference section */
		C74EC2862ABBB6570094ED1B /* MacMicTest.app */ = {isa = PBXFileReference; explicitFileType = wrapper.application; includeInIndex = 0; path = MacMicTest.app; sourceTree = BUILT_PRODUCTS_DIR; };
		C74EC2892ABBB6570094ED1B /* AppDelegate.h */ = {isa = PBXFileReference; lastKnownFileType = sourcecode.c.h; path = AppDelegate.h; sourceTree = "<group>"; };
		C74EC28A2ABBB6570094ED1B /* AppDelegate.m */ = {isa = PBXFileReference; lastKnownFileType = sourcecode.c.objc; path = AppDelegate.m; sourceTree = "<group>"; };
		C74EC28C2ABBB6570094ED1B /* Renderer.h */ = {isa = PBXFileReference; lastKnownFileType = sourcecode.c.h; path = Renderer.h; sourceTree = "<group>"; };
		C74EC28D2ABBB6570094ED1B /* Renderer.m */ = {isa = PBXFileReference; lastKnownFileType = sourcecode.c.objc; path = Renderer.m; sourceTree = "<group>"; };
		C74EC28F2ABBB6570094ED1B /* GameViewController.h */ = {isa = PBXFileReference; lastKnownFileType = sourcecode.c.h; path = GameViewController.h; sourceTree = "<group>"; };
		C74EC2902ABBB6570094ED1B /* GameViewController.m */ = {isa = PBXFileReference; lastKnownFileType = sourcecode.c.objc; path = GameViewController.m; sourceTree = "<group>"; };
		C74EC2922ABBB6570094ED1B /* Shaders.metal */ = {isa = PBXFileReference; lastKnownFileType = sourcecode.metal; path = Shaders.metal; sourceTree = "<group>"; };
		C74EC2942ABBB6570094ED1B /* ShaderTypes.h */ = {isa = PBXFileReference; lastKnownFileType = sourcecode.c.h; path = ShaderTypes.h; sourceTree = "<group>"; };
		C74EC2952ABBB6580094ED1B /* Assets.xcassets */ = {isa = PBXFileReference; lastKnownFileType = folder.assetcatalog; path = Assets.xcassets; sourceTree = "<group>"; };
		C74EC2982ABBB6580094ED1B /* Base */ = {isa = PBXFileReference; lastKnownFileType = file.storyboard; name = Base; path = Base.lproj/Main.storyboard; sourceTree = "<group>"; };
		C74EC29A2ABBB6580094ED1B /* main.m */ = {isa = PBXFileReference; lastKnownFileType = sourcecode.c.objc; path = main.m; sourceTree = "<group>"; };
		C74EC29C2ABBB6580094ED1B /* MacMicTest.entitlements */ = {isa = PBXFileReference; lastKnownFileType = text.plist.entitlements; path = MacMicTest.entitlements; sourceTree = "<group>"; };
/* End PBXFileReference section */

/* Begin PBXFrameworksBuildPhase section */
		C74EC2832ABBB6570094ED1B /* Frameworks */ = {
			isa = PBXFrameworksBuildPhase;
			buildActionMask = 2147483647;
			files = (
			);
			runOnlyForDeploymentPostprocessing = 0;
		};
/* End PBXFrameworksBuildPhase section */

/* Begin PBXGroup section */
		C74EC27D2ABBB6570094ED1B = {
			isa = PBXGroup;
			children = (
				C74EC2882ABBB6570094ED1B /* MacMicTest */,
				C74EC2872ABBB6570094ED1B /* Products */,
			);
			sourceTree = "<group>";
		};
		C74EC2872ABBB6570094ED1B /* Products */ = {
			isa = PBXGroup;
			children = (
				C74EC2862ABBB6570094ED1B /* MacMicTest.app */,
			);
			name = Products;
			sourceTree = "<group>";
		};
		C74EC2882ABBB6570094ED1B /* MacMicTest */ = {
			isa = PBXGroup;
			children = (
				C74EC2892ABBB6570094ED1B /* AppDelegate.h */,
				C74EC28A2ABBB6570094ED1B /* AppDelegate.m */,
				C74EC28C2ABBB6570094ED1B /* Renderer.h */,
				C74EC28D2ABBB6570094ED1B /* Renderer.m */,
				C74EC28F2ABBB6570094ED1B /* GameViewController.h */,
				C74EC2902ABBB6570094ED1B /* GameViewController.m */,
				C74EC2922ABBB6570094ED1B /* Shaders.metal */,
				C74EC2942ABBB6570094ED1B /* ShaderTypes.h */,
				C74EC2952ABBB6580094ED1B /* Assets.xcassets */,
				C74EC2972ABBB6580094ED1B /* Main.storyboard */,
				C74EC29A2ABBB6580094ED1B /* main.m */,
				C74EC29C2ABBB6580094ED1B /* MacMicTest.entitlements */,
			);
			path = MacMicTest;
			sourceTree = "<group>";
		};
/* End PBXGroup section */

/* Begin PBXNativeTarget section */
		C74EC2852ABBB6570094ED1B /* MacMicTest */ = {
			isa = PBXNativeTarget;
			buildConfigurationList = C74EC29F2ABBB6580094ED1B /* Build configuration list for PBXNativeTarget "MacMicTest" */;
			buildPhases = (
				C74EC2822ABBB6570094ED1B /* Sources */,
				C74EC2832ABBB6570094ED1B /* Frameworks */,
				C74EC2842ABBB6570094ED1B /* Resources */,
			);
			buildRules = (
			);
			dependencies = (
			);
			name = MacMicTest;
			productName = MacMicTest;
			productReference = C74EC2862ABBB6570094ED1B /* MacMicTest.app */;
			productType = "com.apple.product-type.application";
		};
/* End PBXNativeTarget section */

/* Begin PBXProject section */
		C74EC27E2ABBB6570094ED1B /* Project object */ = {
			isa = PBXProject;
			attributes = {
				BuildIndependentTargetsInParallel = 1;
				LastUpgradeCheck = 1420;
				TargetAttributes = {
					C74EC2852ABBB6570094ED1B = {
						CreatedOnToolsVersion = 14.2;
					};
				};
			};
			buildConfigurationList = C74EC2812ABBB6570094ED1B /* Build configuration list for PBXProject "MacMicTest" */;
			compatibilityVersion = "Xcode 14.0";
			developmentRegion = en;
			hasScannedForEncodings = 0;
			knownRegions = (
				en,
				Base,
			);
			mainGroup = C74EC27D2ABBB6570094ED1B;
			productRefGroup = C74EC2872ABBB6570094ED1B /* Products */;
			projectDirPath = "";
			projectRoot = "";
			targets = (
				C74EC2852ABBB6570094ED1B /* MacMicTest */,
			);
		};
/* End PBXProject section */

/* Begin PBXResourcesBuildPhase section */
		C74EC2842ABBB6570094ED1B /* Resources */ = {
			isa = PBXResourcesBuildPhase;
			buildActionMask = 2147483647;
			files = (
				C74EC2962ABBB6580094ED1B /* Assets.xcassets in Resources */,
				C74EC2992ABBB6580094ED1B /* Main.storyboard in Resources */,
			);
			runOnlyForDeploymentPostprocessing = 0;
		};
/* End PBXResourcesBuildPhase section */

/* Begin PBXSourcesBuildPhase section */
		C74EC2822ABBB6570094ED1B /* Sources */ = {
			isa = PBXSourcesBuildPhase;
			buildActionMask = 2147483647;
			files = (
				C74EC29B2ABBB6580094ED1B /* main.m in Sources */,
				C74EC2932ABBB6570094ED1B /* Shaders.metal in Sources */,
				C74EC28E2ABBB6570094ED1B /* Renderer.m in Sources */,
				C74EC2912ABBB6570094ED1B /* GameViewController.m in Sources */,
				C74EC28B2ABBB6570094ED1B /* AppDelegate.m in Sources */,
			);
			runOnlyForDeploymentPostprocessing = 0;
		};
/* End PBXSourcesBuildPhase section */

/* Begin PBXVariantGroup section */
		C74EC2972ABBB6580094ED1B /* Main.storyboard */ = {
			isa = PBXVariantGroup;
			children = (
				C74EC2982ABBB6580094ED1B /* Base */,
			);
			name = Main.storyboard;
			sourceTree = "<group>";
		};
/* End PBXVariantGroup section */

/* Begin XCBuildConfiguration section */
		C74EC29D2ABBB6580094ED1B /* Debug */ = {
			isa = XCBuildConfiguration;
			buildSettings = {
				ALWAYS_SEARCH_USER_PATHS = NO;
				CLANG_ANALYZER_NONNULL = YES;
				CLANG_ANALYZER_NUMBER_OBJECT_CONVERSION = YES_AGGRESSIVE;
				CLANG_CXX_LANGUAGE_STANDARD = "gnu++20";
				CLANG_ENABLE_MODULES = YES;
				CLANG_ENABLE_OBJC_ARC = YES;
				CLANG_ENABLE_OBJC_WEAK = YES;
				CLANG_WARN_BLOCK_CAPTURE_AUTORELEASING = YES;
				CLANG_WARN_BOOL_CONVERSION = YES;
				CLANG_WARN_COMMA = YES;
				CLANG_WARN_CONSTANT_CONVERSION = YES;
				CLANG_WARN_DEPRECATED_OBJC_IMPLEMENTATIONS = YES;
				CLANG_WARN_DIRECT_OBJC_ISA_USAGE = YES_ERROR;
				CLANG_WARN_DOCUMENTATION_COMMENTS = YES;
				CLANG_WARN_EMPTY_BODY = YES;
				CLANG_WARN_ENUM_CONVERSION = YES;
				CLANG_WARN_INFINITE_RECURSION = YES;
				CLANG_WARN_INT_CONVERSION = YES;
				CLANG_WARN_NON_LITERAL_NULL_CONVERSION = YES;
				CLANG_WARN_OBJC_IMPLICIT_RETAIN_SELF = YES;
				CLANG_WARN_OBJC_LITERAL_CONVERSION = YES;
				CLANG_WARN_OBJC_ROOT_CLASS = YES_ERROR;
				CLANG_WARN_QUOTED_INCLUDE_IN_FRAMEWORK_HEADER = YES;
				CLANG_WARN_RANGE_LOOP_ANALYSIS = YES;
				CLANG_WARN_STRICT_PROTOTYPES = YES;
				CLANG_WARN_SUSPICIOUS_MOVE = YES;
				CLANG_WARN_UNGUARDED_AVAILABILITY = YES_AGGRESSIVE;
				CLANG_WARN_UNREACHABLE_CODE = YES;
				CLANG_WARN__DUPLICATE_METHOD_MATCH = YES;
				COPY_PHASE_STRIP = NO;
				DEBUG_INFORMATION_FORMAT = dwarf;
				ENABLE_STRICT_OBJC_MSGSEND = YES;
				ENABLE_TESTABILITY = YES;
				GCC_C_LANGUAGE_STANDARD = gnu11;
				GCC_DYNAMIC_NO_PIC = NO;
				GCC_NO_COMMON_BLOCKS = YES;
				GCC_OPTIMIZATION_LEVEL = 0;
				GCC_PREPROCESSOR_DEFINITIONS = (
					"DEBUG=1",
					"$(inherited)",
				);
				GCC_WARN_64_TO_32_BIT_CONVERSION = YES;
				GCC_WARN_ABOUT_RETURN_TYPE = YES_ERROR;
				GCC_WARN_UNDECLARED_SELECTOR = YES;
				GCC_WARN_UNINITIALIZED_AUTOS = YES_AGGRESSIVE;
				GCC_WARN_UNUSED_FUNCTION = YES;
				GCC_WARN_UNUSED_VARIABLE = YES;
				MACOSX_DEPLOYMENT_TARGET = 12.6;
				MTL_ENABLE_DEBUG_INFO = INCLUDE_SOURCE;
				MTL_FAST_MATH = YES;
				ONLY_ACTIVE_ARCH = YES;
				SDKROOT = macosx;
			};
			name = Debug;
		};
		C74EC29E2ABBB6580094ED1B /* Release */ = {
			isa = XCBuildConfiguration;
			buildSettings = {
				ALWAYS_SEARCH_USER_PATHS = NO;
				CLANG_ANALYZER_NONNULL = YES;
				CLANG_ANALYZER_NUMBER_OBJECT_CONVERSION = YES_AGGRESSIVE;
				CLANG_CXX_LANGUAGE_STANDARD = "gnu++20";
				CLANG_ENABLE_MODULES = YES;
				CLANG_ENABLE_OBJC_ARC = YES;
				CLANG_ENABLE_OBJC_WEAK = YES;
				CLANG_WARN_BLOCK_CAPTURE_AUTORELEASING = YES;
				CLANG_WARN_BOOL_CONVERSION = YES;
				CLANG_WARN_COMMA = YES;
				CLANG_WARN_CONSTANT_CONVERSION = YES;
				CLANG_WARN_DEPRECATED_OBJC_IMPLEMENTATIONS = YES;
				CLANG_WARN_DIRECT_OBJC_ISA_USAGE = YES_ERROR;
				CLANG_WARN_DOCUMENTATION_COMMENTS = YES;
				CLANG_WARN_EMPTY_BODY = YES;
				CLANG_WARN_ENUM_CONVERSION = YES;
				CLANG_WARN_INFINITE_RECURSION = YES;
				CLANG_WARN_INT_CONVERSION = YES;
				CLANG_WARN_NON_LITERAL_NULL_CONVERSION = YES;
				CLANG_WARN_OBJC_IMPLICIT_RETAIN_SELF = YES;
				CLANG_WARN_OBJC_LITERAL_CONVERSION = YES;
				CLANG_WARN_OBJC_ROOT_CLASS = YES_ERROR;
				CLANG_WARN_QUOTED_INCLUDE_IN_FRAMEWORK_HEADER = YES;
				CLANG_WARN_RANGE_LOOP_ANALYSIS = YES;
				CLANG_WARN_STRICT_PROTOTYPES = YES;
				CLANG_WARN_SUSPICIOUS_MOVE = YES;
				CLANG_WARN_UNGUARDED_AVAILABILITY = YES_AGGRESSIVE;
				CLANG_WARN_UNREACHABLE_CODE = YES;
				CLANG_WARN__DUPLICATE_METHOD_MATCH = YES;
				COPY_PHASE_STRIP = NO;
				DEBUG_INFORMATION_FORMAT = "dwarf-with-dsym";
				ENABLE_NS_ASSERTIONS = NO;
				ENABLE_STRICT_OBJC_MSGSEND = YES;
				GCC_C_LANGUAGE_STANDARD = gnu11;
				GCC_NO_COMMON_BLOCKS = YES;
				GCC_WARN_64_TO_32_BIT_CONVERSION = YES;
				GCC_WARN_ABOUT_RETURN_TYPE = YES_ERROR;
				GCC_WARN_UNDECLARED_SELECTOR = YES;
				GCC_WARN_UNINITIALIZED_AUTOS = YES_AGGRESSIVE;
				GCC_WARN_UNUSED_FUNCTION = YES;
				GCC_WARN_UNUSED_VARIABLE = YES;
				MACOSX_DEPLOYMENT_TARGET = 12.6;
				MTL_ENABLE_DEBUG_INFO = NO;
				MTL_FAST_MATH = YES;
				SDKROOT = macosx;
			};
			name = Release;
		};
		C74EC2A02ABBB6580094ED1B /* Debug */ = {
			isa = XCBuildConfiguration;
			buildSettings = {
				ASSETCATALOG_COMPILER_APPICON_NAME = AppIcon;
				ASSETCATALOG_COMPILER_GLOBAL_ACCENT_COLOR_NAME = AccentColor;
				CODE_SIGN_ENTITLEMENTS = MacMicTest/MacMicTest.entitlements;
				CODE_SIGN_STYLE = Automatic;
				COMBINE_HIDPI_IMAGES = YES;
				CURRENT_PROJECT_VERSION = 1;
				DEVELOPMENT_TEAM = Q5967P37J9;
				ENABLE_HARDENED_RUNTIME = YES;
				GENERATE_INFOPLIST_FILE = YES;
				INFOPLIST_KEY_NSHumanReadableCopyright = "";
				INFOPLIST_KEY_NSMainStoryboardFile = Main;
				INFOPLIST_KEY_NSMicrophoneUsageDescription = "aaa aa a";
				INFOPLIST_KEY_NSPrincipalClass = NSApplication;
				LD_RUNPATH_SEARCH_PATHS = (
					"$(inherited)",
					"@executable_path/../Frameworks",
				);
				MARKETING_VERSION = 1.0;
				PRODUCT_BUNDLE_IDENTIFIER = com.kengonakajima.macmictest.MacMicTest;
				PRODUCT_NAME = "$(TARGET_NAME)";
				SWIFT_EMIT_LOC_STRINGS = YES;
			};
			name = Debug;
		};
		C74EC2A12ABBB6580094ED1B /* Release */ = {
			isa = XCBuildConfiguration;
			buildSettings = {
				ASSETCATALOG_COMPILER_APPICON_NAME = AppIcon;
				ASSETCATALOG_COMPILER_GLOBAL_ACCENT_COLOR_NAME = AccentColor;
				CODE_SIGN_ENTITLEMENTS = MacMicTest/MacMicTest.entitlements;
				CODE_SIGN_STYLE = Automatic;
				COMBINE_HIDPI_IMAGES = YES;
				CURRENT_PROJECT_VERSION = 1;
				DEVELOPMENT_TEAM = Q5967P37J9;
				ENABLE_HARDENED_RUNTIME = YES;
				GENERATE_INFOPLIST_FILE = YES;
				INFOPLIST_KEY_NSHumanReadableCopyright = "";
				INFOPLIST_KEY_NSMainStoryboardFile = Main;
				INFOPLIST_KEY_NSMicrophoneUsageDescription = "aaa aa a";
				INFOPLIST_KEY_NSPrincipalClass = NSApplication;
				LD_RUNPATH_SEARCH_PATHS = (
					"$(inherited)",
					"@executable_path/../Frameworks",
				);
				MARKETING_VERSION = 1.0;
				PRODUCT_BUNDLE_IDENTIFIER = com.kengonakajima.macmictest.MacMicTest;
				PRODUCT_NAME = "$(TARGET_NAME)";
				SWIFT_EMIT_LOC_STRINGS = YES;
			};
			name = Release;
		};
/* End XCBuildConfiguration section */

/* Begin XCConfigurationList section */
		C74EC2812ABBB6570094ED1B /* Build configuration list for PBXProject "MacMicTest" */ = {
			isa = XCConfigurationList;
			buildConfigurations = (
				C74EC29D2ABBB6580094ED1B /* Debug */,
				C74EC29E2ABBB6580094ED1B /* Release */,
			);
			defaultConfigurationIsVisible = 0;
			defaultConfigurationName = Release;
		};
		C74EC29F2ABBB6580094ED1B /* Build configuration list for PBXNativeTarget "MacMicTest" */ = {
			isa = XCConfigurationList;
			buildConfigurations = (
				C74EC2A02ABBB6580094ED1B /* Debug */,
				C74EC2A12ABBB6580094ED1B /* Release */,
			);
			defaultConfigurationIsVisible = 0;
			defaultConfigurationName = Release;
		};
/* End XCConfigurationList section */
	};
	rootObject = C74EC27E2ABBB6570094ED1B /* Project object */;
}
